
Microsoft Visual Studio Solution File, Format Version 12.00
# Visual Studio Version 17
VisualStudioVersion = 17.2.32630.192
MinimumVisualStudioVersion = 10.0.40219.1
Project("{8BC9CEB8-8B4A-11D0-8D11-00A0C91BC942}") = "Gr", "Gr\Gr.vcxproj", "{5D7AAFEA-099B-438D-A1DE-A300D7B63690}"
EndProject
Global
	GlobalSection(SolutionConfigurationPlatforms) = preSolution
		Debug|x64 = Debug|x64
		Debug|x86 = Debug|x86
		Release|x64 = Release|x64
		Release|x86 = Release|x86
	EndGlobalSection
	GlobalSection(ProjectConfigurationPlatforms) = postSolution
		{5D7AAFEA-099B-438D-A1DE-A300D7B63690}.Debug|x64.ActiveCfg = Debug|x64
		{5D7AAFEA-099B-438D-A1DE-A300D7B63690}.Debug|x64.Build.0 = Debug|x64
		{5D7AAFEA-099B-438D-A1DE-A300D7B63690}.Debug|x86.ActiveCfg = Debug|Win32
		{5D7AAFEA-099B-438D-A1DE-A300D7B63690}.Debug|x86.Build.0 = Debug|Win32
		{5D7AAFEA-099B-438D-A1DE-A300D7B63690}.Release|x64.ActiveCfg = Release|x64
		{5D7AAFEA-099B-438D-A1DE-A300D7B63690}.Release|x64.Build.0 = Release|x64
		{5D7AAFEA-099B-438D-A1DE-A300D7B63690}.Release|x86.ActiveCfg = Release|Win32
		{5D7AAFEA-099B-438D-A1DE-A300D7B63690}.Release|x86.Build.0 = Release|Win32
	EndGlobalSection
	GlobalSection(SolutionProperties) = preSolution
		HideSolutionNode = FALSE
	EndGlobalSection
	GlobalSection(ExtensibilityGlobals) = postSolution
		SolutionGuid = {745C475B-51F7-4035-B3EA-D993F8B07DB8}
	EndGlobalSection
EndGlobal
